// !$*UTF8*$!
{
	archiveVersion = 1;
	classes = {
	};
	objectVersion = 46;
	objects = {

/* Begin PBXBuildFile section */
		390C377C1F25C7730029300C /* AppDelegate.swift in Sources */ = {isa = PBXBuildFile; fileRef = 390C377B1F25C7730029300C /* AppDelegate.swift */; };
		390C377E1F25C7730029300C /* ViewController.swift in Sources */ = {isa = PBXBuildFile; fileRef = 390C377D1F25C7730029300C /* ViewController.swift */; };
		390C37811F25C7730029300C /* Main.storyboard in Resources */ = {isa = PBXBuildFile; fileRef = 390C377F1F25C7730029300C /* Main.storyboard */; };
		390C37831F25C7730029300C /* Assets.xcassets in Resources */ = {isa = PBXBuildFile; fileRef = 390C37821F25C7730029300C /* Assets.xcassets */; };
		390C37861F25C7730029300C /* LaunchScreen.storyboard in Resources */ = {isa = PBXBuildFile; fileRef = 390C37841F25C7730029300C /* LaunchScreen.storyboard */; };
/* End PBXBuildFile section */

/* Begin PBXContainerItemProxy section */
		39578C311F25CEA6001FB9E1 /* PBXContainerItemProxy */ = {
			isa = PBXContainerItemProxy;
			containerPortal = 39578C261F25CEA6001FB9E1 /* Alamofire.xcodeproj */;
			proxyType = 2;
			remoteGlobalIDString = F8111E3319A95C8B0040E7D1;
			remoteInfo = "Alamofire iOS";
		};
		39578C331F25CEA6001FB9E1 /* PBXContainerItemProxy */ = {
			isa = PBXContainerItemProxy;
			containerPortal = 39578C261F25CEA6001FB9E1 /* Alamofire.xcodeproj */;
			proxyType = 2;
			remoteGlobalIDString = F8111E3E19A95C8B0040E7D1;
			remoteInfo = "Alamofire iOS Tests";
		};
		39578C351F25CEA6001FB9E1 /* PBXContainerItemProxy */ = {
			isa = PBXContainerItemProxy;
			containerPortal = 39578C261F25CEA6001FB9E1 /* Alamofire.xcodeproj */;
			proxyType = 2;
			remoteGlobalIDString = 4DD67C0B1A5C55C900ED2280;
			remoteInfo = "Alamofire macOS";
		};
		39578C371F25CEA6001FB9E1 /* PBXContainerItemProxy */ = {
			isa = PBXContainerItemProxy;
			containerPortal = 39578C261F25CEA6001FB9E1 /* Alamofire.xcodeproj */;
			proxyType = 2;
			remoteGlobalIDString = F829C6B21A7A94F100A2CD59;
			remoteInfo = "Alamofire macOS Tests";
		};
		39578C391F25CEA6001FB9E1 /* PBXContainerItemProxy */ = {
			isa = PBXContainerItemProxy;
			containerPortal = 39578C261F25CEA6001FB9E1 /* Alamofire.xcodeproj */;
			proxyType = 2;
			remoteGlobalIDString = 4CF626EF1BA7CB3E0011A099;
			remoteInfo = "Alamofire tvOS";
		};
		39578C3B1F25CEA6001FB9E1 /* PBXContainerItemProxy */ = {
			isa = PBXContainerItemProxy;
			containerPortal = 39578C261F25CEA6001FB9E1 /* Alamofire.xcodeproj */;
			proxyType = 2;
			remoteGlobalIDString = 4CF626F81BA7CB3E0011A099;
			remoteInfo = "Alamofire tvOS Tests";
		};
		39578C3D1F25CEA6001FB9E1 /* PBXContainerItemProxy */ = {
			isa = PBXContainerItemProxy;
			containerPortal = 39578C261F25CEA6001FB9E1 /* Alamofire.xcodeproj */;
			proxyType = 2;
			remoteGlobalIDString = E4202FE01B667AA100C997FB;
			remoteInfo = "Alamofire watchOS";
		};
/* End PBXContainerItemProxy section */

/* Begin PBXCopyFilesBuildPhase section */
		39578C1F1F25CACB001FB9E1 /* Embed Frameworks */ = {
			isa = PBXCopyFilesBuildPhase;
			buildActionMask = 2147483647;
			dstPath = "";
			dstSubfolderSpec = 10;
			files = (
			);
			name = "Embed Frameworks";
			runOnlyForDeploymentPostprocessing = 0;
		};
/* End PBXCopyFilesBuildPhase section */

/* Begin PBXFileReference section */
		390C37781F25C7730029300C /* CloudsApp.app */ = {isa = PBXFileReference; explicitFileType = wrapper.application; includeInIndex = 0; path = CloudsApp.app; sourceTree = BUILT_PRODUCTS_DIR; };
		390C377B1F25C7730029300C /* AppDelegate.swift */ = {isa = PBXFileReference; lastKnownFileType = sourcecode.swift; path = AppDelegate.swift; sourceTree = "<group>"; };
		390C377D1F25C7730029300C /* ViewController.swift */ = {isa = PBXFileReference; lastKnownFileType = sourcecode.swift; path = ViewController.swift; sourceTree = "<group>"; };
		390C37801F25C7730029300C /* Base */ = {isa = PBXFileReference; lastKnownFileType = file.storyboard; name = Base; path = Base.lproj/Main.storyboard; sourceTree = "<group>"; };
		390C37821F25C7730029300C /* Assets.xcassets */ = {isa = PBXFileReference; lastKnownFileType = folder.assetcatalog; path = Assets.xcassets; sourceTree = "<group>"; };
		390C37851F25C7730029300C /* Base */ = {isa = PBXFileReference; lastKnownFileType = file.storyboard; name = Base; path = Base.lproj/LaunchScreen.storyboard; sourceTree = "<group>"; };
		390C37871F25C7730029300C /* Info.plist */ = {isa = PBXFileReference; lastKnownFileType = text.plist.xml; path = Info.plist; sourceTree = "<group>"; };
		39578C261F25CEA6001FB9E1 /* Alamofire.xcodeproj */ = {isa = PBXFileReference; lastKnownFileType = "wrapper.pb-project"; name = Alamofire.xcodeproj; path = alamofire/Alamofire.xcodeproj; sourceTree = "<group>"; };
/* End PBXFileReference section */

/* Begin PBXFrameworksBuildPhase section */
		390C37751F25C7730029300C /* Frameworks */ = {
			isa = PBXFrameworksBuildPhase;
			buildActionMask = 2147483647;
			files = (
			);
			runOnlyForDeploymentPostprocessing = 0;
		};
/* End PBXFrameworksBuildPhase section */

/* Begin PBXGroup section */
		390C376F1F25C7730029300C = {
			isa = PBXGroup;
			children = (
				39578C261F25CEA6001FB9E1 /* Alamofire.xcodeproj */,
				390C377A1F25C7730029300C /* CloudsApp */,
				390C37791F25C7730029300C /* Products */,
			);
			sourceTree = "<group>";
		};
		390C37791F25C7730029300C /* Products */ = {
			isa = PBXGroup;
			children = (
				390C37781F25C7730029300C /* CloudsApp.app */,
			);
			name = Products;
			sourceTree = "<group>";
		};
		390C377A1F25C7730029300C /* CloudsApp */ = {
			isa = PBXGroup;
			children = (
				390C377B1F25C7730029300C /* AppDelegate.swift */,
				390C377D1F25C7730029300C /* ViewController.swift */,
				390C377F1F25C7730029300C /* Main.storyboard */,
				390C37821F25C7730029300C /* Assets.xcassets */,
				390C37841F25C7730029300C /* LaunchScreen.storyboard */,
				390C37871F25C7730029300C /* Info.plist */,
			);
			path = CloudsApp;
			sourceTree = "<group>";
		};
		39578C271F25CEA6001FB9E1 /* Products */ = {
			isa = PBXGroup;
			children = (
				39578C321F25CEA6001FB9E1 /* Alamofire.framework */,
				39578C341F25CEA6001FB9E1 /* Alamofire iOS Tests.xctest */,
				39578C361F25CEA6001FB9E1 /* Alamofire.framework */,
				39578C381F25CEA6001FB9E1 /* Alamofire macOS Tests.xctest */,
				39578C3A1F25CEA6001FB9E1 /* Alamofire.framework */,
				39578C3C1F25CEA6001FB9E1 /* Alamofire tvOS Tests.xctest */,
				39578C3E1F25CEA6001FB9E1 /* Alamofire.framework */,
			);
			name = Products;
			sourceTree = "<group>";
		};
/* End PBXGroup section */

/* Begin PBXNativeTarget section */
		390C37771F25C7730029300C /* CloudsApp */ = {
			isa = PBXNativeTarget;
			buildConfigurationList = 390C378A1F25C7730029300C /* Build configuration list for PBXNativeTarget "CloudsApp" */;
			buildPhases = (
				390C37741F25C7730029300C /* Sources */,
				390C37751F25C7730029300C /* Frameworks */,
				390C37761F25C7730029300C /* Resources */,
				39578C1F1F25CACB001FB9E1 /* Embed Frameworks */,
			);
			buildRules = (
			);
			dependencies = (
			);
			name = CloudsApp;
			productName = CloudsApp;
			productReference = 390C37781F25C7730029300C /* CloudsApp.app */;
			productType = "com.apple.product-type.application";
		};
/* End PBXNativeTarget section */

/* Begin PBXProject section */
		390C37701F25C7730029300C /* Project object */ = {
			isa = PBXProject;
			attributes = {
				LastSwiftUpdateCheck = 0830;
				LastUpgradeCheck = 0830;
				ORGANIZATIONNAME = sikmac;
				TargetAttributes = {
					390C37771F25C7730029300C = {
						CreatedOnToolsVersion = 8.3.3;
						DevelopmentTeam = UD7RWWZ7ML;
						ProvisioningStyle = Automatic;
					};
				};
			};
			buildConfigurationList = 390C37731F25C7730029300C /* Build configuration list for PBXProject "CloudsApp" */;
			compatibilityVersion = "Xcode 3.2";
			developmentRegion = English;
			hasScannedForEncodings = 0;
			knownRegions = (
				en,
				Base,
			);
			mainGroup = 390C376F1F25C7730029300C;
			productRefGroup = 390C37791F25C7730029300C /* Products */;
			projectDirPath = "";
			projectReferences = (
				{
					ProductGroup = 39578C271F25CEA6001FB9E1 /* Products */;
					ProjectRef = 39578C261F25CEA6001FB9E1 /* Alamofire.xcodeproj */;
				},
			);
			projectRoot = "";
			targets = (
				390C37771F25C7730029300C /* CloudsApp */,
			);
		};
/* End PBXProject section */

/* Begin PBXReferenceProxy section */
		39578C321F25CEA6001FB9E1 /* Alamofire.framework */ = {
			isa = PBXReferenceProxy;
			fileType = wrapper.framework;
			path = Alamofire.framework;
			remoteRef = 39578C311F25CEA6001FB9E1 /* PBXContainerItemProxy */;
			sourceTree = BUILT_PRODUCTS_DIR;
		};
		39578C341F25CEA6001FB9E1 /* Alamofire iOS Tests.xctest */ = {
			isa = PBXReferenceProxy;
			fileType = wrapper.cfbundle;
			path = "Alamofire iOS Tests.xctest";
			remoteRef = 39578C331F25CEA6001FB9E1 /* PBXContainerItemProxy */;
			sourceTree = BUILT_PRODUCTS_DIR;
		};
		39578C361F25CEA6001FB9E1 /* Alamofire.framework */ = {
			isa = PBXReferenceProxy;
			fileType = wrapper.framework;
			path = Alamofire.framework;
			remoteRef = 39578C351F25CEA6001FB9E1 /* PBXContainerItemProxy */;
			sourceTree = BUILT_PRODUCTS_DIR;
		};
		39578C381F25CEA6001FB9E1 /* Alamofire macOS Tests.xctest */ = {
			isa = PBXReferenceProxy;
			fileType = wrapper.cfbundle;
			path = "Alamofire macOS Tests.xctest";
			remoteRef = 39578C371F25CEA6001FB9E1 /* PBXContainerItemProxy */;
			sourceTree = BUILT_PRODUCTS_DIR;
		};
		39578C3A1F25CEA6001FB9E1 /* Alamofire.framework */ = {
			isa = PBXReferenceProxy;
			fileType = wrapper.framework;
			path = Alamofire.framework;
			remoteRef = 39578C391F25CEA6001FB9E1 /* PBXContainerItemProxy */;
			sourceTree = BUILT_PRODUCTS_DIR;
		};
		39578C3C1F25CEA6001FB9E1 /* Alamofire tvOS Tests.xctest */ = {
			isa = PBXReferenceProxy;
			fileType = wrapper.cfbundle;
			path = "Alamofire tvOS Tests.xctest";
			remoteRef = 39578C3B1F25CEA6001FB9E1 /* PBXContainerItemProxy */;
			sourceTree = BUILT_PRODUCTS_DIR;
		};
		39578C3E1F25CEA6001FB9E1 /* Alamofire.framework */ = {
			isa = PBXReferenceProxy;
			fileType = wrapper.framework;
			path = Alamofire.framework;
			remoteRef = 39578C3D1F25CEA6001FB9E1 /* PBXContainerItemProxy */;
			sourceTree = BUILT_PRODUCTS_DIR;
		};
/* End PBXReferenceProxy section */

/* Begin PBXResourcesBuildPhase section */
		390C37761F25C7730029300C /* Resources */ = {
			isa = PBXResourcesBuildPhase;
			buildActionMask = 2147483647;
			files = (
				390C37861F25C7730029300C /* LaunchScreen.storyboard in Resources */,
				390C37831F25C7730029300C /* Assets.xcassets in Resources */,
				390C37811F25C7730029300C /* Main.storyboard in Resources */,
			);
			runOnlyForDeploymentPostprocessing = 0;
		};
/* End PBXResourcesBuildPhase section */

/* Begin PBXSourcesBuildPhase section */
		390C37741F25C7730029300C /* Sources */ = {
			isa = PBXSourcesBuildPhase;
			buildActionMask = 2147483647;
			files = (
				390C377E1F25C7730029300C /* ViewController.swift in Sources */,
				390C377C1F25C7730029300C /* AppDelegate.swift in Sources */,
			);
			runOnlyForDeploymentPostprocessing = 0;
		};
/* End PBXSourcesBuildPhase section */

/* Begin PBXVariantGroup section */
		390C377F1F25C7730029300C /* Main.storyboard */ = {
			isa = PBXVariantGroup;
			children = (
				390C37801F25C7730029300C /* Base */,
			);
			name = Main.storyboard;
			sourceTree = "<group>";
		};
		390C37841F25C7730029300C /* LaunchScreen.storyboard */ = {
			isa = PBXVariantGroup;
			children = (
				390C37851F25C7730029300C /* Base */,
			);
			name = LaunchScreen.storyboard;
			sourceTree = "<group>";
		};
/* End PBXVariantGroup section */

/* Begin XCBuildConfiguration section */
		390C37881F25C7730029300C /* Debug */ = {
			isa = XCBuildConfiguration;
			buildSettings = {
				ALWAYS_SEARCH_USER_PATHS = NO;
				CLANG_ANALYZER_NONNULL = YES;
				CLANG_ANALYZER_NUMBER_OBJECT_CONVERSION = YES_AGGRESSIVE;
				CLANG_CXX_LANGUAGE_STANDARD = "gnu++0x";
				CLANG_CXX_LIBRARY = "libc++";
				CLANG_ENABLE_MODULES = YES;
				CLANG_ENABLE_OBJC_ARC = YES;
				CLANG_WARN_BOOL_CONVERSION = YES;
				CLANG_WARN_CONSTANT_CONVERSION = YES;
				CLANG_WARN_DIRECT_OBJC_ISA_USAGE = YES_ERROR;
				CLANG_WARN_DOCUMENTATION_COMMENTS = YES;
				CLANG_WARN_EMPTY_BODY = YES;
				CLANG_WARN_ENUM_CONVERSION = YES;
				CLANG_WARN_INFINITE_RECURSION = YES;
				CLANG_WARN_INT_CONVERSION = YES;
				CLANG_WARN_OBJC_ROOT_CLASS = YES_ERROR;
				CLANG_WARN_SUSPICIOUS_MOVE = YES;
				CLANG_WARN_UNREACHABLE_CODE = YES;
				CLANG_WARN__DUPLICATE_METHOD_MATCH = YES;
				"CODE_SIGN_IDENTITY[sdk=iphoneos*]" = "iPhone Developer";
				COPY_PHASE_STRIP = NO;
				DEBUG_INFORMATION_FORMAT = dwarf;
				ENABLE_STRICT_OBJC_MSGSEND = YES;
				ENABLE_TESTABILITY = YES;
				GCC_C_LANGUAGE_STANDARD = gnu99;
				GCC_DYNAMIC_NO_PIC = NO;
				GCC_NO_COMMON_BLOCKS = YES;
				GCC_OPTIMIZATION_LEVEL = 0;
				GCC_PREPROCESSOR_DEFINITIONS = (
					"DEBUG=1",
					"$(inherited)",
				);
				GCC_WARN_64_TO_32_BIT_CONVERSION = YES;
				GCC_WARN_ABOUT_RETURN_TYPE = YES_ERROR;
				GCC_WARN_UNDECLARED_SELECTOR = YES;
				GCC_WARN_UNINITIALIZED_AUTOS = YES_AGGRESSIVE;
				GCC_WARN_UNUSED_FUNCTION = YES;
				GCC_WARN_UNUSED_VARIABLE = YES;
				IPHONEOS_DEPLOYMENT_TARGET = 10.3;
				MTL_ENABLE_DEBUG_INFO = YES;
				ONLY_ACTIVE_ARCH = YES;
				SDKROOT = iphoneos;
				SWIFT_ACTIVE_COMPILATION_CONDITIONS = DEBUG;
				SWIFT_OPTIMIZATION_LEVEL = "-Onone";
				TARGETED_DEVICE_FAMILY = "1,2";
			};
			name = Debug;
		};
		390C37891F25C7730029300C /* Release */ = {
			isa = XCBuildConfiguration;
			buildSettings = {
				ALWAYS_SEARCH_USER_PATHS = NO;
				CLANG_ANALYZER_NONNULL = YES;
				CLANG_ANALYZER_NUMBER_OBJECT_CONVERSION = YES_AGGRESSIVE;
				CLANG_CXX_LANGUAGE_STANDARD = "gnu++0x";
				CLANG_CXX_LIBRARY = "libc++";
				CLANG_ENABLE_MODULES = YES;
				CLANG_ENABLE_OBJC_ARC = YES;
				CLANG_WARN_BOOL_CONVERSION = YES;
				CLANG_WARN_CONSTANT_CONVERSION = YES;
				CLANG_WARN_DIRECT_OBJC_ISA_USAGE = YES_ERROR;
				CLANG_WARN_DOCUMENTATION_COMMENTS = YES;
				CLANG_WARN_EMPTY_BODY = YES;
				CLANG_WARN_ENUM_CONVERSION = YES;
				CLANG_WARN_INFINITE_RECURSION = YES;
				CLANG_WARN_INT_CONVERSION = YES;
				CLANG_WARN_OBJC_ROOT_CLASS = YES_ERROR;
				CLANG_WARN_SUSPICIOUS_MOVE = YES;
				CLANG_WARN_UNREACHABLE_CODE = YES;
				CLANG_WARN__DUPLICATE_METHOD_MATCH = YES;
				"CODE_SIGN_IDENTITY[sdk=iphoneos*]" = "iPhone Developer";
				COPY_PHASE_STRIP = NO;
				DEBUG_INFORMATION_FORMAT = "dwarf-with-dsym";
				ENABLE_NS_ASSERTIONS = NO;
				ENABLE_STRICT_OBJC_MSGSEND = YES;
				GCC_C_LANGUAGE_STANDARD = gnu99;
				GCC_NO_COMMON_BLOCKS = YES;
				GCC_WARN_64_TO_32_BIT_CONVERSION = YES;
				GCC_WARN_ABOUT_RETURN_TYPE = YES_ERROR;
				GCC_WARN_UNDECLARED_SELECTOR = YES;
				GCC_WARN_UNINITIALIZED_AUTOS = YES_AGGRESSIVE;
				GCC_WARN_UNUSED_FUNCTION = YES;
				GCC_WARN_UNUSED_VARIABLE = YES;
				IPHONEOS_DEPLOYMENT_TARGET = 10.3;
				MTL_ENABLE_DEBUG_INFO = NO;
				SDKROOT = iphoneos;
				SWIFT_OPTIMIZATION_LEVEL = "-Owholemodule";
				TARGETED_DEVICE_FAMILY = "1,2";
				VALIDATE_PRODUCT = YES;
			};
			name = Release;
		};
		390C378B1F25C7730029300C /* Debug */ = {
			isa = XCBuildConfiguration;
			buildSettings = {
				ALWAYS_EMBED_SWIFT_STANDARD_LIBRARIES = YES;
				ASSETCATALOG_COMPILER_APPICON_NAME = AppIcon;
				DEVELOPMENT_TEAM = UD7RWWZ7ML;
				INFOPLIST_FILE = CloudsApp/Info.plist;
				LD_RUNPATH_SEARCH_PATHS = "$(inherited) @executable_path/Frameworks";
				PRODUCT_BUNDLE_IDENTIFIER = sikmac.CloudsApp;
				PRODUCT_NAME = "$(TARGET_NAME)";
				SWIFT_VERSION = 3.0;
			};
			name = Debug;
		};
		390C378C1F25C7730029300C /* Release */ = {
			isa = XCBuildConfiguration;
			buildSettings = {
				ALWAYS_EMBED_SWIFT_STANDARD_LIBRARIES = YES;
				ASSETCATALOG_COMPILER_APPICON_NAME = AppIcon;
				DEVELOPMENT_TEAM = UD7RWWZ7ML;
				INFOPLIST_FILE = CloudsApp/Info.plist;
				LD_RUNPATH_SEARCH_PATHS = "$(inherited) @executable_path/Frameworks";
				PRODUCT_BUNDLE_IDENTIFIER = sikmac.CloudsApp;
				PRODUCT_NAME = "$(TARGET_NAME)";
				SWIFT_VERSION = 3.0;
			};
			name = Release;
		};
/* End XCBuildConfiguration section */

/* Begin XCConfigurationList section */
		390C37731F25C7730029300C /* Build configuration list for PBXProject "CloudsApp" */ = {
			isa = XCConfigurationList;
			buildConfigurations = (
				390C37881F25C7730029300C /* Debug */,
				390C37891F25C7730029300C /* Release */,
			);
			defaultConfigurationIsVisible = 0;
			defaultConfigurationName = Release;
		};
		390C378A1F25C7730029300C /* Build configuration list for PBXNativeTarget "CloudsApp" */ = {
			isa = XCConfigurationList;
			buildConfigurations = (
				390C378B1F25C7730029300C /* Debug */,
				390C378C1F25C7730029300C /* Release */,
			);
			defaultConfigurationIsVisible = 0;
			defaultConfigurationName = Release;
		};
/* End XCConfigurationList section */
	};
	rootObject = 390C37701F25C7730029300C /* Project object */;
}
